
Microsoft Visual Studio Solution File, Format Version 12.00
# Visual Studio Version 17
VisualStudioVersion = 17.10.35027.167
MinimumVisualStudioVersion = 10.0.40219.1
Project("{FAE04EC0-301F-11D3-BF4B-00C04F79EFBC}") = "BookSystem", "BookSystem.csproj", "{AE100B37-6692-4055-B7E5-7F72FF1DE156}"
EndProject
Global
	GlobalSection(SolutionConfigurationPlatforms) = preSolution
		Debug|Any CPU = Debug|Any CPU
		Release|Any CPU = Release|Any CPU
	EndGlobalSection
	GlobalSection(ProjectConfigurationPlatforms) = postSolution
		{AE100B37-6692-4055-B7E5-7F72FF1DE156}.Debug|Any CPU.ActiveCfg = Debug|Any CPU
		{AE100B37-6692-4055-B7E5-7F72FF1DE156}.Debug|Any CPU.Build.0 = Debug|Any CPU
		{AE100B37-6692-4055-B7E5-7F72FF1DE156}.Release|Any CPU.ActiveCfg = Release|Any CPU
		{AE100B37-6692-4055-B7E5-7F72FF1DE156}.Release|Any CPU.Build.0 = Release|Any CPU
	EndGlobalSection
	GlobalSection(SolutionProperties) = preSolution
		HideSolutionNode = FALSE
	EndGlobalSection
	GlobalSection(ExtensibilityGlobals) = postSolution
		SolutionGuid = {D9A821B2-2E22-4836-BCE4-24DDFCE37B87}
	EndGlobalSection
EndGlobal
